# This file is automatically @generated by Cargo.
# It is not intended for manual editing.
version = 4

[[package]]
name = "archub-adapters"
version = "0.1.0"
dependencies = [
 "archub-core",
]

[[package]]
name = "archub-cms-core"
version = "0.1.0"
dependencies = [
 "archub-core",
]

[[package]]
name = "archub-core"
version = "0.1.0"

[[package]]
name = "archub-rest-api"
version = "0.1.0"
dependencies = [
 "archub-core",
]
